
Microsoft Visual Studio Solution File, Format Version 12.00
# Visual Studio Version 16
VisualStudioVersion = 16.0.31321.278
MinimumVisualStudioVersion = 10.0.40219.1
Project("{FAE04EC0-301F-11D3-BF4B-00C04F79EFBC}") = "Casting_livingston_stephen", "Casting_livingston_stephen\Casting_livingston_stephen.csproj", "{FFA47B2C-FB29-4F7D-807D-5D51735CAE89}"
EndProject
Global
	GlobalSection(SolutionConfigurationPlatforms) = preSolution
		Debug|Any CPU = Debug|Any CPU
		Release|Any CPU = Release|Any CPU
	EndGlobalSection
	GlobalSection(ProjectConfigurationPlatforms) = postSolution
		{FFA47B2C-FB29-4F7D-807D-5D51735CAE89}.Debug|Any CPU.ActiveCfg = Debug|Any CPU
		{FFA47B2C-FB29-4F7D-807D-5D51735CAE89}.Debug|Any CPU.Build.0 = Debug|Any CPU
		{FFA47B2C-FB29-4F7D-807D-5D51735CAE89}.Release|Any CPU.ActiveCfg = Release|Any CPU
		{FFA47B2C-FB29-4F7D-807D-5D51735CAE89}.Release|Any CPU.Build.0 = Release|Any CPU
	EndGlobalSection
	GlobalSection(SolutionProperties) = preSolution
		HideSolutionNode = FALSE
	EndGlobalSection
	GlobalSection(ExtensibilityGlobals) = postSolution
		SolutionGuid = {D9068745-6DC4-49A4-A1B3-1E26F13E8071}
	EndGlobalSection
EndGlobal
